
Microsoft Visual Studio Solution File, Format Version 12.00
# Visual Studio Version 17
VisualStudioVersion = 17.13.35919.96
MinimumVisualStudioVersion = 10.0.40219.1
Project("{FAE04EC0-301F-11D3-BF4B-00C04F79EFBC}") = "Attendance Tracker", "Attendance Tracker.csproj", "{AB8947BB-8407-4D2E-AABD-D23CDC26899A}"
EndProject
Global
	GlobalSection(SolutionConfigurationPlatforms) = preSolution
		Debug|Any CPU = Debug|Any CPU
		Release|Any CPU = Release|Any CPU
	EndGlobalSection
	GlobalSection(ProjectConfigurationPlatforms) = postSolution
		{AB8947BB-8407-4D2E-AABD-D23CDC26899A}.Debug|Any CPU.ActiveCfg = Debug|Any CPU
		{AB8947BB-8407-4D2E-AABD-D23CDC26899A}.Debug|Any CPU.Build.0 = Debug|Any CPU
		{AB8947BB-8407-4D2E-AABD-D23CDC26899A}.Release|Any CPU.ActiveCfg = Release|Any CPU
		{AB8947BB-8407-4D2E-AABD-D23CDC26899A}.Release|Any CPU.Build.0 = Release|Any CPU
	EndGlobalSection
	GlobalSection(SolutionProperties) = preSolution
		HideSolutionNode = FALSE
	EndGlobalSection
	GlobalSection(ExtensibilityGlobals) = postSolution
		SolutionGuid = {780523CC-BFFE-46A6-AED2-7100518816F3}
	EndGlobalSection
EndGlobal
